
Microsoft Visual Studio Solution File, Format Version 12.00
# Visual Studio Version 17
VisualStudioVersion = 17.4.33213.308
MinimumVisualStudioVersion = 10.0.40219.1
Project("{FAE04EC0-301F-11D3-BF4B-00C04F79EFBC}") = "SHCourseCodeCheckAndUpdate", "SHCourseCodeCheckAndUpdate.csproj", "{2298B9B0-9E00-484B-8162-ACF2C12B936F}"
EndProject
Global
	GlobalSection(SolutionConfigurationPlatforms) = preSolution
		Debug|Any CPU = Debug|Any CPU
		Release|Any CPU = Release|Any CPU
	EndGlobalSection
	GlobalSection(ProjectConfigurationPlatforms) = postSolution
		{2298B9B0-9E00-484B-8162-ACF2C12B936F}.Debug|Any CPU.ActiveCfg = Debug|Any CPU
		{2298B9B0-9E00-484B-8162-ACF2C12B936F}.Debug|Any CPU.Build.0 = Debug|Any CPU
		{2298B9B0-9E00-484B-8162-ACF2C12B936F}.Release|Any CPU.ActiveCfg = Release|Any CPU
		{2298B9B0-9E00-484B-8162-ACF2C12B936F}.Release|Any CPU.Build.0 = Release|Any CPU
	EndGlobalSection
	GlobalSection(SolutionProperties) = preSolution
		HideSolutionNode = FALSE
	EndGlobalSection
	GlobalSection(ExtensibilityGlobals) = postSolution
		SolutionGuid = {56AA9534-3010-47FE-8D00-08D98FFC23D7}
	EndGlobalSection
EndGlobal
